
Microsoft Visual Studio Solution File, Format Version 12.00
# Visual Studio Version 17
VisualStudioVersion = 17.6.33829.357
MinimumVisualStudioVersion = 10.0.40219.1
Project("{9A19103F-16F7-4668-BE54-9A1E7A4F7556}") = "PoqCommerce.Api", "PoqCommerce.Api\PoqCommerce.Api.csproj", "{AF1CC842-4842-4590-8820-35FDC2587C27}"
EndProject
Project("{2150E333-8FDC-42A3-9474-1A3956D46DE8}") = "Src", "Src", "{7C39397E-8068-4C44-918B-D3CA60C4EF73}"
EndProject
Project("{2150E333-8FDC-42A3-9474-1A3956D46DE8}") = "Services", "Services", "{5E34350E-182D-4A6B-9493-7E120837AB6D}"
EndProject
Project("{2150E333-8FDC-42A3-9474-1A3956D46DE8}") = "Tests", "Tests", "{B5A17EAC-66B0-4159-891E-C22928C20BBF}"
EndProject
Project("{2150E333-8FDC-42A3-9474-1A3956D46DE8}") = "Clothes", "Clothes", "{205B7EB7-E972-4720-9765-C76DCE24DD2A}"
EndProject
Project("{2150E333-8FDC-42A3-9474-1A3956D46DE8}") = "Core", "Core", "{C7816811-E848-4AF9-A210-4BF4AC633049}"
EndProject
Project("{2150E333-8FDC-42A3-9474-1A3956D46DE8}") = "Infrastructure", "Infrastructure", "{AA6920A7-5859-4C9C-9B2A-9D8BB332B9DC}"
EndProject
Project("{2150E333-8FDC-42A3-9474-1A3956D46DE8}") = "Presentation", "Presentation", "{62DB5A4F-806E-41D9-8156-F6E909B5B78D}"
EndProject
Project("{2150E333-8FDC-42A3-9474-1A3956D46DE8}") = "Clothes", "Clothes", "{0A586157-CE11-4A33-9825-A159E6BC6C5B}"
EndProject
Project("{2150E333-8FDC-42A3-9474-1A3956D46DE8}") = "Abstractions", "Abstractions", "{8C53D929-0D57-4036-8C1E-C8FFE5896CC1}"
EndProject
Project("{9A19103F-16F7-4668-BE54-9A1E7A4F7556}") = "PoqCommerce.Application", "PoqCommerce.Application\PoqCommerce.Application.csproj", "{6FCEA4C3-E1CC-4F48-BABE-CA0E232EF629}"
EndProject
Project("{9A19103F-16F7-4668-BE54-9A1E7A4F7556}") = "PoqCommerce.Domain", "PoqCommerce.Domain\PoqCommerce.Domain.csproj", "{23763936-046A-4C57-BF9D-5B268A34E322}"
EndProject
Project("{9A19103F-16F7-4668-BE54-9A1E7A4F7556}") = "PoqCommerce.Mocky.Io", "PoqCommerce.Mocky.Io\PoqCommerce.Mocky.Io.csproj", "{45D6C455-A632-4C45-951B-BC3F73583E99}"
EndProject
Project("{9A19103F-16F7-4668-BE54-9A1E7A4F7556}") = "PoqCommerce.Tests.Architecture", "PoqCommerce.Tests.Architecture\PoqCommerce.Tests.Architecture.csproj", "{BC85E4BF-4FB0-4712-839E-00E8748E683B}"
EndProject
Project("{9A19103F-16F7-4668-BE54-9A1E7A4F7556}") = "PoqCommerce.Unit.Tests", "PoqCommerce.Unit.Tests\PoqCommerce.Unit.Tests.csproj", "{3FA9402F-9E89-4DBD-9BC4-3ACE793193B2}"
EndProject
Project("{FAE04EC0-301F-11D3-BF4B-00C04F79EFBC}") = "Persistance.Abstractions", "Persistance.Abstractions\Persistance.Abstractions.csproj", "{ACC2AE2E-CAAF-400E-96FA-A150A38D4378}"
EndProject
Project("{FAE04EC0-301F-11D3-BF4B-00C04F79EFBC}") = "PoqCommerce.Persistence", "PoqCommerce.Persistence\PoqCommerce.Persistence.csproj", "{B5DEE66C-0117-4E29-A671-E544BD35A17E}"
EndProject
Project("{FAE04EC0-301F-11D3-BF4B-00C04F79EFBC}") = "PoqCommerce.Persistence.EF", "PoqCommerce.Persistence.EF\PoqCommerce.Persistence.EF.csproj", "{BD7DD1D3-6B5B-48ED-8073-7DB7FCA630AF}"
EndProject
Global
	GlobalSection(SolutionConfigurationPlatforms) = preSolution
		Debug|Any CPU = Debug|Any CPU
		Release|Any CPU = Release|Any CPU
	EndGlobalSection
	GlobalSection(ProjectConfigurationPlatforms) = postSolution
		{AF1CC842-4842-4590-8820-35FDC2587C27}.Debug|Any CPU.ActiveCfg = Debug|Any CPU
		{AF1CC842-4842-4590-8820-35FDC2587C27}.Debug|Any CPU.Build.0 = Debug|Any CPU
		{AF1CC842-4842-4590-8820-35FDC2587C27}.Release|Any CPU.ActiveCfg = Release|Any CPU
		{AF1CC842-4842-4590-8820-35FDC2587C27}.Release|Any CPU.Build.0 = Release|Any CPU
		{6FCEA4C3-E1CC-4F48-BABE-CA0E232EF629}.Debug|Any CPU.ActiveCfg = Debug|Any CPU
		{6FCEA4C3-E1CC-4F48-BABE-CA0E232EF629}.Debug|Any CPU.Build.0 = Debug|Any CPU
		{6FCEA4C3-E1CC-4F48-BABE-CA0E232EF629}.Release|Any CPU.ActiveCfg = Release|Any CPU
		{6FCEA4C3-E1CC-4F48-BABE-CA0E232EF629}.Release|Any CPU.Build.0 = Release|Any CPU
		{23763936-046A-4C57-BF9D-5B268A34E322}.Debug|Any CPU.ActiveCfg = Debug|Any CPU
		{23763936-046A-4C57-BF9D-5B268A34E322}.Debug|Any CPU.Build.0 = Debug|Any CPU
		{23763936-046A-4C57-BF9D-5B268A34E322}.Release|Any CPU.ActiveCfg = Release|Any CPU
		{23763936-046A-4C57-BF9D-5B268A34E322}.Release|Any CPU.Build.0 = Release|Any CPU
		{45D6C455-A632-4C45-951B-BC3F73583E99}.Debug|Any CPU.ActiveCfg = Debug|Any CPU
		{45D6C455-A632-4C45-951B-BC3F73583E99}.Debug|Any CPU.Build.0 = Debug|Any CPU
		{45D6C455-A632-4C45-951B-BC3F73583E99}.Release|Any CPU.ActiveCfg = Release|Any CPU
		{45D6C455-A632-4C45-951B-BC3F73583E99}.Release|Any CPU.Build.0 = Release|Any CPU
		{BC85E4BF-4FB0-4712-839E-00E8748E683B}.Debug|Any CPU.ActiveCfg = Debug|Any CPU
		{BC85E4BF-4FB0-4712-839E-00E8748E683B}.Debug|Any CPU.Build.0 = Debug|Any CPU
		{BC85E4BF-4FB0-4712-839E-00E8748E683B}.Release|Any CPU.ActiveCfg = Release|Any CPU
		{BC85E4BF-4FB0-4712-839E-00E8748E683B}.Release|Any CPU.Build.0 = Release|Any CPU
		{3FA9402F-9E89-4DBD-9BC4-3ACE793193B2}.Debug|Any CPU.ActiveCfg = Debug|Any CPU
		{3FA9402F-9E89-4DBD-9BC4-3ACE793193B2}.Debug|Any CPU.Build.0 = Debug|Any CPU
		{3FA9402F-9E89-4DBD-9BC4-3ACE793193B2}.Release|Any CPU.ActiveCfg = Release|Any CPU
		{3FA9402F-9E89-4DBD-9BC4-3ACE793193B2}.Release|Any CPU.Build.0 = Release|Any CPU
		{ACC2AE2E-CAAF-400E-96FA-A150A38D4378}.Debug|Any CPU.ActiveCfg = Debug|Any CPU
		{ACC2AE2E-CAAF-400E-96FA-A150A38D4378}.Debug|Any CPU.Build.0 = Debug|Any CPU
		{ACC2AE2E-CAAF-400E-96FA-A150A38D4378}.Release|Any CPU.ActiveCfg = Release|Any CPU
		{ACC2AE2E-CAAF-400E-96FA-A150A38D4378}.Release|Any CPU.Build.0 = Release|Any CPU
		{B5DEE66C-0117-4E29-A671-E544BD35A17E}.Debug|Any CPU.ActiveCfg = Debug|Any CPU
		{B5DEE66C-0117-4E29-A671-E544BD35A17E}.Debug|Any CPU.Build.0 = Debug|Any CPU
		{B5DEE66C-0117-4E29-A671-E544BD35A17E}.Release|Any CPU.ActiveCfg = Release|Any CPU
		{B5DEE66C-0117-4E29-A671-E544BD35A17E}.Release|Any CPU.Build.0 = Release|Any CPU
		{BD7DD1D3-6B5B-48ED-8073-7DB7FCA630AF}.Debug|Any CPU.ActiveCfg = Debug|Any CPU
		{BD7DD1D3-6B5B-48ED-8073-7DB7FCA630AF}.Debug|Any CPU.Build.0 = Debug|Any CPU
		{BD7DD1D3-6B5B-48ED-8073-7DB7FCA630AF}.Release|Any CPU.ActiveCfg = Release|Any CPU
		{BD7DD1D3-6B5B-48ED-8073-7DB7FCA630AF}.Release|Any CPU.Build.0 = Release|Any CPU
	EndGlobalSection
	GlobalSection(SolutionProperties) = preSolution
		HideSolutionNode = FALSE
	EndGlobalSection
	GlobalSection(NestedProjects) = preSolution
		{AF1CC842-4842-4590-8820-35FDC2587C27} = {62DB5A4F-806E-41D9-8156-F6E909B5B78D}
		{5E34350E-182D-4A6B-9493-7E120837AB6D} = {7C39397E-8068-4C44-918B-D3CA60C4EF73}
		{205B7EB7-E972-4720-9765-C76DCE24DD2A} = {5E34350E-182D-4A6B-9493-7E120837AB6D}
		{C7816811-E848-4AF9-A210-4BF4AC633049} = {205B7EB7-E972-4720-9765-C76DCE24DD2A}
		{AA6920A7-5859-4C9C-9B2A-9D8BB332B9DC} = {205B7EB7-E972-4720-9765-C76DCE24DD2A}
		{62DB5A4F-806E-41D9-8156-F6E909B5B78D} = {205B7EB7-E972-4720-9765-C76DCE24DD2A}
		{0A586157-CE11-4A33-9825-A159E6BC6C5B} = {B5A17EAC-66B0-4159-891E-C22928C20BBF}
		{8C53D929-0D57-4036-8C1E-C8FFE5896CC1} = {7C39397E-8068-4C44-918B-D3CA60C4EF73}
		{6FCEA4C3-E1CC-4F48-BABE-CA0E232EF629} = {C7816811-E848-4AF9-A210-4BF4AC633049}
		{23763936-046A-4C57-BF9D-5B268A34E322} = {C7816811-E848-4AF9-A210-4BF4AC633049}
		{45D6C455-A632-4C45-951B-BC3F73583E99} = {AA6920A7-5859-4C9C-9B2A-9D8BB332B9DC}
		{BC85E4BF-4FB0-4712-839E-00E8748E683B} = {0A586157-CE11-4A33-9825-A159E6BC6C5B}
		{3FA9402F-9E89-4DBD-9BC4-3ACE793193B2} = {0A586157-CE11-4A33-9825-A159E6BC6C5B}
		{ACC2AE2E-CAAF-400E-96FA-A150A38D4378} = {8C53D929-0D57-4036-8C1E-C8FFE5896CC1}
		{B5DEE66C-0117-4E29-A671-E544BD35A17E} = {AA6920A7-5859-4C9C-9B2A-9D8BB332B9DC}
		{BD7DD1D3-6B5B-48ED-8073-7DB7FCA630AF} = {AA6920A7-5859-4C9C-9B2A-9D8BB332B9DC}
	EndGlobalSection
	GlobalSection(ExtensibilityGlobals) = postSolution
		SolutionGuid = {FB08CCB1-2E6F-400F-ACA9-B4B6768C2260}
	EndGlobalSection
EndGlobal
